<?xml version="1.0" encoding="utf-8"?>
<Project ToolsVersion="4.0" xmlns="http://schemas.microsoft.com/developer/msbuild/2003">
  <ItemGroup>
    <Filter Include="소스 파일">
      <UniqueIdentifier>{4FC737F1-C7A5-4376-A066-2A32D752A2FF}</UniqueIdentifier>
      <Extensions>cpp;c;cc;cxx;c++;cppm;ixx;def;odl;idl;hpj;bat;asm;asmx</Extensions>
    </Filter>
    <Filter Include="헤더 파일">
      <UniqueIdentifier>{93995380-89BD-4b04-88EB-625FBE52EBFB}</UniqueIdentifier>
      <Extensions>h;hh;hpp;hxx;h++;hm;inl;inc;ipp;xsd</Extensions>
    </Filter>
    <Filter Include="리소스 파일">
      <UniqueIdentifier>{67DA6AB6-F800-4c08-8B7A-83BB121AAD01}</UniqueIdentifier>
      <Extensions>rc;ico;cur;bmp;dlg;rc2;rct;bin;rgs;gif;jpg;jpeg;jpe;resx;tiff;tif;png;wav;mfcribbon-ms</Extensions>
    </Filter>
  </ItemGroup>
  <ItemGroup>
    <ClCompile Include="Heap&amp;BinarySearch&amp;DFS_PathFinding\Practice1\02_Should_I_Find_Book.cpp">
      <Filter>소스 파일</Filter>
    </ClCompile>
    <ClCompile Include="Heap&amp;BinarySearch&amp;DFS_PathFinding\Practice1\03_FindLastDataPosition.cpp">
      <Filter>소스 파일</Filter>
    </ClCompile>
    <ClCompile Include="Heap&amp;BinarySearch&amp;DFS_PathFinding\Practice1\04_WoundSizeCalculation.cpp">
      <Filter>소스 파일</Filter>
    </ClCompile>
    <ClCompile Include="Heap&amp;BinarySearch&amp;DFS_PathFinding\Practice1\05_FindingIntegerSquareRootWithBinarySearch.cpp">
      <Filter>소스 파일</Filter>
    </ClCompile>
    <ClCompile Include="Heap&amp;BinarySearch&amp;DFS_PathFinding\Practice1\06_BinarySearchFuelGauge.cpp">
      <Filter>소스 파일</Filter>
    </ClCompile>
    <ClCompile Include="Heap&amp;BinarySearch&amp;DFS_PathFinding\Practice1\07_Heap-BasedAlphabetSorting.cpp">
      <Filter>소스 파일</Filter>
    </ClCompile>
    <ClCompile Include="Heap&amp;BinarySearch&amp;DFS_PathFinding\Practice1\08_MostExpensiveRoutes.cpp">
      <Filter>소스 파일</Filter>
    </ClCompile>
    <ClCompile Include="Heap&amp;BinarySearch&amp;DFS_PathFinding\NextPermutaion.cpp">
      <Filter>소스 파일</Filter>
    </ClCompile>
    <ClCompile Include="Heap&amp;BinarySearch&amp;DFS_PathFinding\DFS_PathFinding.cpp">
      <Filter>소스 파일</Filter>
    </ClCompile>
    <ClCompile Include="Heap&amp;BinarySearch&amp;DFS_PathFinding\Practice1\09_MagicBagOfGold.cpp">
      <Filter>소스 파일</Filter>
    </ClCompile>
    <ClCompile Include="Heap&amp;BinarySearch&amp;DFS_PathFinding\Practice2\01_DFS_PostorderTraversal.cpp">
      <Filter>소스 파일</Filter>
    </ClCompile>
    <ClCompile Include="Heap&amp;BinarySearch&amp;DFS_PathFinding\Practice2\02_DFS_MinimumCostPath.cpp">
      <Filter>소스 파일</Filter>
    </ClCompile>
    <ClCompile Include="Heap&amp;BinarySearch&amp;DFS_PathFinding\Practice2\03_DFS_SumTo10WithNNumbers_Ver_OnlyDFS.cpp">
      <Filter>소스 파일</Filter>
    </ClCompile>
    <ClCompile Include="Heap&amp;BinarySearch&amp;DFS_PathFinding\Practice2\03_DFS_SumTo10WithNNumbers_Ver_DFS+NextPermutation.cpp">
      <Filter>소스 파일</Filter>
    </ClCompile>
    <ClCompile Include="Heap&amp;BinarySearch&amp;DFS_PathFinding\Practice2\04_LongestEel.cpp">
      <Filter>소스 파일</Filter>
    </ClCompile>
    <ClCompile Include="Heap&amp;BinarySearch&amp;DFS_PathFinding\Practice2\04_LongestEel_SimpleVer.cpp">
      <Filter>소스 파일</Filter>
    </ClCompile>
    <ClCompile Include="Heap&amp;BinarySearch&amp;DFS_PathFinding\Practice2\05_ForbiddenFoodFilter.cpp">
      <Filter>소스 파일</Filter>
    </ClCompile>
    <ClCompile Include="Heap&amp;BinarySearch&amp;DFS_PathFinding\Practice2\06_CardNumberPermutations.cpp">
      <Filter>소스 파일</Filter>
    </ClCompile>
    <ClCompile Include="Heap&amp;BinarySearch&amp;DFS_PathFinding\Practice2\07_ClawPatternLetters.cpp">
      <Filter>소스 파일</Filter>
    </ClCompile>
    <ClCompile Include="Heap&amp;BinarySearch&amp;DFS_PathFinding\Practice2\08_TimetoBurntheGrid.cpp">
      <Filter>소스 파일</Filter>
    </ClCompile>
    <ClCompile Include="Heap&amp;BinarySearch&amp;DFS_PathFinding\Practice2\09_MaximumPipeProduct.cpp">
      <Filter>소스 파일</Filter>
    </ClCompile>
    <ClCompile Include="Heap&amp;BinarySearch&amp;DFS_PathFinding\Practice2\09_MaximumPipeProduct_Ver_DP.cpp">
      <Filter>소스 파일</Filter>
    </ClCompile>
    <ClCompile Include="Heap&amp;BinarySearch&amp;DFS_PathFinding\Practice2\10_MinimumProductSelection.cpp">
      <Filter>소스 파일</Filter>
    </ClCompile>
    <ClCompile Include="Heap&amp;BinarySearch&amp;DFS_PathFinding\Practice2\10_MinimumProductSelection_Ver_GPT.cpp">
      <Filter>소스 파일</Filter>
    </ClCompile>
    <ClCompile Include="MST_Kruskal\MinimumSpanningTree.cpp">
      <Filter>소스 파일</Filter>
    </ClCompile>
    <ClCompile Include="Brute-Force&amp;Back-Tracking&amp;FloodFill\Practice\01_DFS_GridShortestPath.cpp">
      <Filter>소스 파일</Filter>
    </ClCompile>
    <ClCompile Include="Brute-Force&amp;Back-Tracking&amp;FloodFill\Practice\02_DFS_CheeseBeforeFriend.cpp">
      <Filter>소스 파일</Filter>
    </ClCompile>
    <ClCompile Include="Brute-Force&amp;Back-Tracking&amp;FloodFill\Practice\03_DFS_ReachableChickens.cpp">
      <Filter>소스 파일</Filter>
    </ClCompile>
    <ClCompile Include="Brute-Force&amp;Back-Tracking&amp;FloodFill\Practice\04_BFS_FireworkSpread.cpp">
      <Filter>소스 파일</Filter>
    </ClCompile>
    <ClCompile Include="Brute-Force&amp;Back-Tracking&amp;FloodFill\Practice\05_DFS_IslandSize.cpp">
      <Filter>소스 파일</Filter>
    </ClCompile>
    <ClCompile Include="Brute-Force&amp;Back-Tracking&amp;FloodFill\Practice\06_BFS_NearestDeliveryRoute.cpp">
      <Filter>소스 파일</Filter>
    </ClCompile>
    <ClCompile Include="Brute-Force&amp;Back-Tracking&amp;FloodFill\Practice\07_BFS_VirusSpread.cpp">
      <Filter>소스 파일</Filter>
    </ClCompile>
    <ClCompile Include="Brute-Force&amp;Back-Tracking&amp;FloodFill\Practice\08_DFS_MazeShortestPath.cpp">
      <Filter>소스 파일</Filter>
    </ClCompile>
    <ClCompile Include="Brute-Force&amp;Back-Tracking&amp;FloodFill\Practice\09_DFSNBFS_BinaryTreeDFSTraversal.cpp">
      <Filter>소스 파일</Filter>
    </ClCompile>
    <ClCompile Include="Brute-Force&amp;Back-Tracking&amp;FloodFill\Practice\10_DFS_PathExists.cpp">
      <Filter>소스 파일</Filter>
    </ClCompile>
    <ClCompile Include="Brute-Force&amp;Back-Tracking&amp;FloodFill\Practice\11_Hash_BigramJaccardSimilarity.cpp">
      <Filter>소스 파일</Filter>
    </ClCompile>
    <ClCompile Include="Brute-Force&amp;Back-Tracking&amp;FloodFill\Practice\11_Hash_BigramJaccardSimilarity_Ver2.cpp">
      <Filter>소스 파일</Filter>
    </ClCompile>
    <ClCompile Include="Brute-Force&amp;Back-Tracking&amp;FloodFill\Practice\12_DFS_ThreeCardMax-Min.cpp">
      <Filter>소스 파일</Filter>
    </ClCompile>
    <ClCompile Include="Brute-Force&amp;Back-Tracking&amp;FloodFill\Practice\13_DFS_ShortestPathinGraph.cpp">
      <Filter>소스 파일</Filter>
    </ClCompile>
    <ClCompile Include="Brute-Force&amp;Back-Tracking&amp;FloodFill\Practice\13_BFS_ShortestPathinGraph.cpp">
      <Filter>소스 파일</Filter>
    </ClCompile>
    <ClCompile Include="MST_Kruskal\Practice1\01_DFS_BacktrackingCustomOperators.cpp">
      <Filter>소스 파일</Filter>
    </ClCompile>
    <ClCompile Include="MST_Kruskal\Practice1\02_DFS_VirusSpread.cpp">
      <Filter>소스 파일</Filter>
    </ClCompile>
    <ClCompile Include="MST_Kruskal\Practice1\03_BFS_GridShortestPath.cpp">
      <Filter>소스 파일</Filter>
    </ClCompile>
    <ClCompile Include="MST_Kruskal\Practice1\04_BFS_CheeseBeforeFriend.cpp">
      <Filter>소스 파일</Filter>
    </ClCompile>
    <ClCompile Include="MST_Kruskal\Practice1\05_BFS_ReachableChickens.cpp">
      <Filter>소스 파일</Filter>
    </ClCompile>
    <ClCompile Include="MST_Kruskal\Practice1\06_DFS_FireworkSpread.cpp">
      <Filter>소스 파일</Filter>
    </ClCompile>
    <ClCompile Include="MST_Kruskal\Practice1\07_BFS_IslandSize.cpp">
      <Filter>소스 파일</Filter>
    </ClCompile>
    <ClCompile Include="MST_Kruskal\Practice1\08_BFSonAdjacencyMatrixGraph.cpp">
      <Filter>소스 파일</Filter>
    </ClCompile>
    <ClCompile Include="MST_Kruskal\Practice1\09_BFS_MazeShortestPath.cpp">
      <Filter>소스 파일</Filter>
    </ClCompile>
    <ClCompile Include="MST_Kruskal\Practice2\01_MaxProductin3x3Grid.cpp">
      <Filter>소스 파일</Filter>
    </ClCompile>
    <ClCompile Include="MST_Kruskal\Practice2\02_DFS_LexicographicalHerbRecipes.cpp">
      <Filter>소스 파일</Filter>
    </ClCompile>
    <ClCompile Include="MST_Kruskal\Practice2\03_MaxPointsBeverageShopping.cpp">
      <Filter>소스 파일</Filter>
    </ClCompile>
    <ClCompile Include="MST_Kruskal\Practice2\04_DFS_DiabloRotationPuzzleSolver.cpp">
      <Filter>소스 파일</Filter>
    </ClCompile>
    <ClCompile Include="MST_Kruskal\Practice2\test.cpp">
      <Filter>소스 파일</Filter>
    </ClCompile>
    <ClCompile Include="MST_Kruskal\Practice2\05_MinimumMeatFlippingPuzzle.cpp">
      <Filter>소스 파일</Filter>
    </ClCompile>
    <ClCompile Include="BitwiseOperation&amp;BFS\BFS_ParentTracking.cpp">
      <Filter>소스 파일</Filter>
    </ClCompile>
    <ClCompile Include="BitwiseOperation&amp;BFS\Check_Bit0_Is_0_Or_1.cpp">
      <Filter>소스 파일</Filter>
    </ClCompile>
    <ClCompile Include="BitwiseOperation&amp;BFS\Check_Bit1_Is_0_Or_1.cpp">
      <Filter>소스 파일</Filter>
    </ClCompile>
    <ClCompile Include="BitwiseOperation&amp;BFS\Check_BitN_Is_0_Or_1.cpp">
      <Filter>소스 파일</Filter>
    </ClCompile>
    <ClCompile Include="BitwiseOperation&amp;BFS\Count_1Bit.cpp">
      <Filter>소스 파일</Filter>
    </ClCompile>
    <ClCompile Include="BitwiseOperation&amp;BFS\Practice\01_FindTheBeehive.cpp">
      <Filter>소스 파일</Filter>
    </ClCompile>
    <ClCompile Include="BitwiseOperation&amp;BFS\Practice\02_ChannelSwitching.cpp">
      <Filter>소스 파일</Filter>
    </ClCompile>
    <ClCompile Include="BitwiseOperation&amp;BFS\Practice\03_NumberOfIslands.cpp">
      <Filter>소스 파일</Filter>
    </ClCompile>
    <ClCompile Include="BitwiseOperation&amp;BFS\Practice\04_SeafoodPancakeCheck.cpp">
      <Filter>소스 파일</Filter>
    </ClCompile>
    <ClCompile Include="BitwiseOperation&amp;BFS\Practice\05_ElsaAndAnna.cpp">
      <Filter>소스 파일</Filter>
    </ClCompile>
    <ClCompile Include="BitwiseOperation&amp;BFS\Practice\06_TheCreationOfAdam.cpp">
      <Filter>소스 파일</Filter>
    </ClCompile>
    <ClCompile Include="BitwiseOperation&amp;BFS\Practice\07_SlidingDoors.cpp">
      <Filter>소스 파일</Filter>
    </ClCompile>
    <ClCompile Include="BitwiseOperation&amp;BFS\Practice\07_07_SlidingDoors_Ver_02.cpp">
      <Filter>소스 파일</Filter>
    </ClCompile>
    <ClCompile Include="BitwiseOperation&amp;BFS\Practice\07_SlidingDoors_Ver_03.cpp">
      <Filter>소스 파일</Filter>
    </ClCompile>
    <ClCompile Include="Dynamic Programming\DP_FibonacciSequence.cpp">
      <Filter>소스 파일</Filter>
    </ClCompile>
    <ClCompile Include="Dynamic Programming\DP_Coin.cpp">
      <Filter>소스 파일</Filter>
    </ClCompile>
    <ClCompile Include="Dynamic Programming\DP_Knapsack.cpp">
      <Filter>소스 파일</Filter>
    </ClCompile>
    <ClCompile Include="Dynamic Programming\Practice1\01_LinkedListReview.cpp">
      <Filter>소스 파일</Filter>
    </ClCompile>
    <ClCompile Include="Dynamic Programming\Practice1\01_LinkedListReview_Ver02.cpp">
      <Filter>소스 파일</Filter>
    </ClCompile>
    <ClCompile Include="Dynamic Programming\Practice1\02_LinkedListReview2.cpp">
      <Filter>소스 파일</Filter>
    </ClCompile>
    <ClCompile Include="Dynamic Programming\Practice1\03_ForwardLinkedList.cpp">
      <Filter>소스 파일</Filter>
    </ClCompile>
    <ClCompile Include="Dynamic Programming\Practice1\04_DinosaurDB.cpp">
      <Filter>소스 파일</Filter>
    </ClCompile>
    <ClCompile Include="Dynamic Programming\Practice1\05_StringHash.cpp">
      <Filter>소스 파일</Filter>
    </ClCompile>
    <ClCompile Include="Dynamic Programming\Practice1\06_DinosaurFossilSurvey.cpp">
      <Filter>소스 파일</Filter>
    </ClCompile>
    <ClCompile Include="Dynamic Programming\Practice1\07_AffiliateNewRecruits.cpp">
      <Filter>소스 파일</Filter>
    </ClCompile>
    <ClCompile Include="Dynamic Programming\Practice1\08_AgentCode.cpp">
      <Filter>소스 파일</Filter>
    </ClCompile>
    <ClCompile Include="Dynamic Programming\DFS_Coin.cpp">
      <Filter>소스 파일</Filter>
    </ClCompile>
    <ClCompile Include="Dynamic Programming\Pratice2\01_Greedy_RestroomWaitingTime.cpp">
      <Filter>소스 파일</Filter>
    </ClCompile>
    <ClCompile Include="Sort\SelectionSort.cpp">
      <Filter>소스 파일</Filter>
    </ClCompile>
    <ClCompile Include="Sort\InsertionSort.cpp">
      <Filter>소스 파일</Filter>
    </ClCompile>
    <ClCompile Include="Sort\BubbleSort.cpp">
      <Filter>소스 파일</Filter>
    </ClCompile>
    <ClCompile Include="Sort\MergeSort.cpp">
      <Filter>소스 파일</Filter>
    </ClCompile>
    <ClCompile Include="Dynamic Programming\Pratice2\02_DFS_CoinChange.cpp">
      <Filter>소스 파일</Filter>
    </ClCompile>
    <ClCompile Include="Dynamic Programming\Pratice2\02_Greedy_CoinChange.cpp">
      <Filter>소스 파일</Filter>
    </ClCompile>
    <ClCompile Include="Dynamic Programming\Pratice2\03_Greedy_MeetingRoomScheduling.cpp">
      <Filter>소스 파일</Filter>
    </ClCompile>
    <ClCompile Include="Dynamic Programming\Pratice2\소스.cpp">
      <Filter>소스 파일</Filter>
    </ClCompile>
    <ClCompile Include="Dynamic Programming\Pratice2\06_DP_WoodStacking.cpp">
      <Filter>소스 파일</Filter>
    </ClCompile>
    <ClCompile Include="Dynamic Programming\Pratice2\07_DP_FrogJump.cpp">
      <Filter>소스 파일</Filter>
    </ClCompile>
    <ClCompile Include="Dynamic Programming\Pratice2\08_DP_BlueMarbleJump.cpp">
      <Filter>소스 파일</Filter>
    </ClCompile>
    <ClCompile Include="Dynamic Programming\Pratice2\07_DP_FrogJump_Ver_GPT.cpp">
      <Filter>소스 파일</Filter>
    </ClCompile>
    <ClCompile Include="Dynamic Programming\Pratice2\09_DP_LongestCommonSubstring.cpp">
      <Filter>소스 파일</Filter>
    </ClCompile>
    <ClCompile Include="Dynamic Programming\Pratice2\04_FittingRodBlocks.cpp">
      <Filter>소스 파일</Filter>
    </ClCompile>
    <ClCompile Include="Dynamic Programming\Pratice2\05_DFS_MinimumDamagePath.cpp">
      <Filter>소스 파일</Filter>
    </ClCompile>
    <ClCompile Include="CountingSort\소스.cpp">
      <Filter>소스 파일</Filter>
    </ClCompile>
    <ClCompile Include="Dynamic Programming\DP_CodingTest\01_DP_ClimbingStairs.cpp">
      <Filter>소스 파일</Filter>
    </ClCompile>
    <ClCompile Include="Dynamic Programming\DP_CodingTest\02_DP_BestTimetoBuyandSellStock.cpp">
      <Filter>소스 파일</Filter>
    </ClCompile>
    <ClCompile Include="Dynamic Programming\DP_CodingTest\03_DP_MaximumSubarray.cpp">
      <Filter>소스 파일</Filter>
    </ClCompile>
    <ClCompile Include="Dynamic Programming\DP_CodingTest\04_HouseRobber.cpp">
      <Filter>소스 파일</Filter>
    </ClCompile>
  </ItemGroup>
</Project>